{
  "version": "4",
  "redirects": {
    "https://esm.sh/@supabase/node-fetch@^2.6.13?target=denonext": "https://esm.sh/@supabase/node-fetch@2.6.15?target=denonext",
    "https://esm.sh/@supabase/node-fetch@^2.6.14?target=denonext": "https://esm.sh/@supabase/node-fetch@2.6.15?target=denonext",
    "https://esm.sh/@supabase/supabase-js@2": "https://esm.sh/@supabase/supabase-js@2.50.2",
    "https://esm.sh/isows@^1.0.7?target=denonext": "https://esm.sh/isows@1.0.7?target=denonext",
    "https://esm.sh/tr46@~0.0.3?target=denonext": "https://esm.sh/tr46@0.0.3?target=denonext",
    "https://esm.sh/webidl-conversions@^3.0.0?target=denonext": "https://esm.sh/webidl-conversions@3.0.1?target=denonext",
    "https://esm.sh/whatwg-url@^5.0.0?target=denonext": "https://esm.sh/whatwg-url@5.0.0?target=denonext"
  },
  "remote": {
    "https://esm.sh/@supabase/auth-js@2.70.0/denonext/auth-js.mjs": "51f137a91dc64489abf1a500582918ee5042e1e0b64c167f26a3b6d2f807f43c",
    "https://esm.sh/@supabase/functions-js@2.4.4/denonext/functions-js.mjs": "7adeb257410ef3c4a8a1eb9b4ff416c0075d1c32860ca04913c8a9dace1de6a6",
    "https://esm.sh/@supabase/node-fetch@2.6.15/denonext/node-fetch.mjs": "0bae9052231f4f6dbccc7234d05ea96923dbf967be12f402764580b6bf9f713d",
    "https://esm.sh/@supabase/node-fetch@2.6.15?target=denonext": "4d28c4ad97328403184353f68434f2b6973971507919e9150297413664919cf3",
    "https://esm.sh/@supabase/postgrest-js@1.19.4/denonext/postgrest-js.mjs": "2073b5552ba10c7a8302bffffae771e3aede1daf833382355dae239fb0ab2576",
    "https://esm.sh/@supabase/realtime-js@2.11.15/denonext/realtime-js.mjs": "3b7511415165a1b503eae1dfbc10814ef3d0c1c866c97fdec4f6714bfa34a847",
    "https://esm.sh/@supabase/storage-js@2.7.1/denonext/storage-js.mjs": "73ac8cdc95cfcd794fe603dbd7ce06d539ab51538ae6467eabe0f9cc26c993aa",
    "https://esm.sh/@supabase/supabase-js@2.50.2": "2760374fe5e43af09821abad913a116b06c913bf59f92ac079e7fc0ae001d2d7",
    "https://esm.sh/@supabase/supabase-js@2.50.2/denonext/supabase-js.mjs": "cb8ab343ca88f7a20f6eceb156d31c07092fcb2c5408f671807150964c33a85c",
    "https://esm.sh/isows@1.0.7/denonext/isows.mjs": "be1812ebbf28737b43588bbcbd89bf43345e3d58d32be13def331d12361045b4",
    "https://esm.sh/isows@1.0.7?target=denonext": "31b7306eada995ba18e29841d688a42bcc0166caf302e1b183b6d2a7c649f262",
    "https://esm.sh/tr46@0.0.3/denonext/tr46.mjs": "5753ec0a99414f4055f0c1f97691100f13d88e48a8443b00aebb90a512785fa2",
    "https://esm.sh/tr46@0.0.3?target=denonext": "19cb9be0f0d418a0c3abb81f2df31f080e9540a04e43b0f699bce1149cba0cbb",
    "https://esm.sh/webidl-conversions@3.0.1/denonext/webidl-conversions.mjs": "54b5c2d50a294853c4ccebf9d5ed8988c94f4e24e463d84ec859a866ea5fafec",
    "https://esm.sh/webidl-conversions@3.0.1?target=denonext": "4e20318d50528084616c79d7b3f6e7f0fe7b6d09013bd01b3974d7448d767e29",
    "https://esm.sh/whatwg-url@5.0.0/denonext/whatwg-url.mjs": "29b16d74ee72624c915745bbd25b617cfd2248c6af0f5120d131e232a9a9af79",
    "https://esm.sh/whatwg-url@5.0.0?target=denonext": "f001a2cadf81312d214ca330033f474e74d81a003e21e8c5d70a1f46dc97b02d"
  },
  "workspace": {
    "packageJson": {
      "dependencies": [
        "npm:@babel/core@^7.25.2",
        "npm:@expo/vector-icons@^14.1.0",
        "npm:@gorhom/bottom-sheet@^5.1.6",
        "npm:@hookform/resolvers@^5.1.1",
        "npm:@microsoft/react-native-clarity@^4.3.0",
        "npm:@react-native-async-storage/async-storage@^2.1.2",
        "npm:@react-native-google-signin/google-signin@^14.0.1",
        "npm:@react-navigation/bottom-tabs@^7.3.10",
        "npm:@react-navigation/elements@^2.3.8",
        "npm:@react-navigation/native@^7.1.6",
        "npm:@supabase/supabase-js@^2.50.0",
        "npm:@tanstack/react-query@^5.80.10",
        "npm:@types/react@~19.0.10",
        "npm:dayjs@^1.11.13",
        "npm:eslint-config-expo@9.2",
        "npm:eslint@^9.25.0",
        "npm:expo-application@~6.1.4",
        "npm:expo-audio@~0.4.6",
        "npm:expo-blur@~14.1.5",
        "npm:expo-constants@~17.1.6",
        "npm:expo-dev-client@~5.2.2",
        "npm:expo-device@~7.1.4",
        "npm:expo-file-system@~18.1.10",
        "npm:expo-font@~13.3.1",
        "npm:expo-haptics@~14.1.4",
        "npm:expo-image@2.3",
        "npm:expo-linking@~7.1.5",
        "npm:expo-localization@~16.1.5",
        "npm:expo-notifications@~0.31.3",
        "npm:expo-router@5.1",
        "npm:expo-secure-store@^14.2.3",
        "npm:expo-splash-screen@~0.30.9",
        "npm:expo-status-bar@~2.2.3",
        "npm:expo-symbols@~0.4.5",
        "npm:expo-system-ui@~5.0.8",
        "npm:expo-video@~2.2.1",
        "npm:expo-web-browser@~14.1.6",
        "npm:expo@~53.0.11",
        "npm:posthog-react-native@^4.1.3",
        "npm:react-dom@19.0.0",
        "npm:react-hook-form@^7.57.0",
        "npm:react-native-dropdown-picker@^5.4.6",
        "npm:react-native-gesture-handler@2.24",
        "npm:react-native-keychain@10",
        "npm:react-native-reanimated@~3.17.5",
        "npm:react-native-safe-area-context@5.4.0",
        "npm:react-native-screens@~4.11.1",
        "npm:react-native-web@0.20",
        "npm:react-native-webview@13.13.5",
        "npm:react-native@0.79.3",
        "npm:react@19.0.0",
        "npm:typescript@~5.8.3",
        "npm:zod@^3.25.64"
      ]
    }
  }
}
